
Microsoft Visual Studio Solution File, Format Version 12.00
# Visual Studio Version 16
VisualStudioVersion = 16.0.31313.79
MinimumVisualStudioVersion = 10.0.40219.1
Project("{FAE04EC0-301F-11D3-BF4B-00C04F79EFBC}") = "Altkom.Shop.Models", "Altkom.Shop.Models\Altkom.Shop.Models.csproj", "{02922308-A293-479F-BDE9-08C6AAC238FF}"
EndProject
Global
	GlobalSection(SolutionConfigurationPlatforms) = preSolution
		Debug|Any CPU = Debug|Any CPU
		Release|Any CPU = Release|Any CPU
	EndGlobalSection
	GlobalSection(ProjectConfigurationPlatforms) = postSolution
		{02922308-A293-479F-BDE9-08C6AAC238FF}.Debug|Any CPU.ActiveCfg = Debug|Any CPU
		{02922308-A293-479F-BDE9-08C6AAC238FF}.Debug|Any CPU.Build.0 = Debug|Any CPU
		{02922308-A293-479F-BDE9-08C6AAC238FF}.Release|Any CPU.ActiveCfg = Release|Any CPU
		{02922308-A293-479F-BDE9-08C6AAC238FF}.Release|Any CPU.Build.0 = Release|Any CPU
	EndGlobalSection
	GlobalSection(SolutionProperties) = preSolution
		HideSolutionNode = FALSE
	EndGlobalSection
	GlobalSection(ExtensibilityGlobals) = postSolution
		SolutionGuid = {3A51639C-BC9C-4211-8161-C0AE33EC8CF9}
	EndGlobalSection
EndGlobal
